
Microsoft Visual Studio Solution File, Format Version 12.00
# Visual Studio 14
VisualStudioVersion = 14.0.23107.0
MinimumVisualStudioVersion = 10.0.40219.1
Project("{FAE04EC0-301F-11D3-BF4B-00C04F79EFBC}") = "lab7", "lab7\lab7.csproj", "{23ED93D3-1330-4569-BC82-C3117B10231B}"
EndProject
Project("{FAE04EC0-301F-11D3-BF4B-00C04F79EFBC}") = "lab7_2", "lab7_2\lab7_2.csproj", "{15094FC9-3A92-4C9D-AED9-AC2C115DE281}"
EndProject
Project("{FAE04EC0-301F-11D3-BF4B-00C04F79EFBC}") = "lab7_3", "lab7_3\lab7_3.csproj", "{7AA98FBA-C2A4-4074-8149-717497F6BECB}"
EndProject
Global
	GlobalSection(SolutionConfigurationPlatforms) = preSolution
		Debug|Any CPU = Debug|Any CPU
		Release|Any CPU = Release|Any CPU
	EndGlobalSection
	GlobalSection(ProjectConfigurationPlatforms) = postSolution
		{23ED93D3-1330-4569-BC82-C3117B10231B}.Debug|Any CPU.ActiveCfg = Debug|Any CPU
		{23ED93D3-1330-4569-BC82-C3117B10231B}.Debug|Any CPU.Build.0 = Debug|Any CPU
		{23ED93D3-1330-4569-BC82-C3117B10231B}.Release|Any CPU.ActiveCfg = Release|Any CPU
		{23ED93D3-1330-4569-BC82-C3117B10231B}.Release|Any CPU.Build.0 = Release|Any CPU
		{15094FC9-3A92-4C9D-AED9-AC2C115DE281}.Debug|Any CPU.ActiveCfg = Debug|Any CPU
		{15094FC9-3A92-4C9D-AED9-AC2C115DE281}.Debug|Any CPU.Build.0 = Debug|Any CPU
		{15094FC9-3A92-4C9D-AED9-AC2C115DE281}.Release|Any CPU.ActiveCfg = Release|Any CPU
		{15094FC9-3A92-4C9D-AED9-AC2C115DE281}.Release|Any CPU.Build.0 = Release|Any CPU
		{7AA98FBA-C2A4-4074-8149-717497F6BECB}.Debug|Any CPU.ActiveCfg = Debug|Any CPU
		{7AA98FBA-C2A4-4074-8149-717497F6BECB}.Debug|Any CPU.Build.0 = Debug|Any CPU
		{7AA98FBA-C2A4-4074-8149-717497F6BECB}.Release|Any CPU.ActiveCfg = Release|Any CPU
		{7AA98FBA-C2A4-4074-8149-717497F6BECB}.Release|Any CPU.Build.0 = Release|Any CPU
	EndGlobalSection
	GlobalSection(SolutionProperties) = preSolution
		HideSolutionNode = FALSE
	EndGlobalSection
EndGlobal
